
Microsoft Visual Studio Solution File, Format Version 12.00
# Visual Studio Version 17
VisualStudioVersion = 17.13.35919.96 d17.13
MinimumVisualStudioVersion = 10.0.40219.1
Project("{FAE04EC0-301F-11D3-BF4B-00C04F79EFBC}") = "Sii.FirmarXmlDte", "Sii.FirmarXmlDte\Sii.FirmarXmlDte.csproj", "{A010D0A7-4571-46BE-956B-6F7141FA8C28}"
EndProject
Global
	GlobalSection(SolutionConfigurationPlatforms) = preSolution
		Debug|Any CPU = Debug|Any CPU
		Release|Any CPU = Release|Any CPU
	EndGlobalSection
	GlobalSection(ProjectConfigurationPlatforms) = postSolution
		{A010D0A7-4571-46BE-956B-6F7141FA8C28}.Debug|Any CPU.ActiveCfg = Debug|Any CPU
		{A010D0A7-4571-46BE-956B-6F7141FA8C28}.Debug|Any CPU.Build.0 = Debug|Any CPU
		{A010D0A7-4571-46BE-956B-6F7141FA8C28}.Release|Any CPU.ActiveCfg = Release|Any CPU
		{A010D0A7-4571-46BE-956B-6F7141FA8C28}.Release|Any CPU.Build.0 = Release|Any CPU
	EndGlobalSection
	GlobalSection(SolutionProperties) = preSolution
		HideSolutionNode = FALSE
	EndGlobalSection
	GlobalSection(ExtensibilityGlobals) = postSolution
		SolutionGuid = {F58786D0-755C-4FD2-9F71-7E824C2137FA}
	EndGlobalSection
EndGlobal
